
Microsoft Visual Studio Solution File, Format Version 12.00
# Visual Studio 14
VisualStudioVersion = 14.0.25420.1
MinimumVisualStudioVersion = 10.0.40219.1
Project("{2150E333-8FDC-42A3-9474-1A3956D46DE8}") = "Solution Items", "Solution Items", "{FA370BD0-649C-4438-93E4-80BD4F94288F}"
	ProjectSection(SolutionItems) = preProject
		.gitignore = .gitignore
		.gitmodules = .gitmodules
		appveyor.yml = appveyor.yml
		global.json = global.json
		LICENSE.txt = LICENSE.txt
		README.md = README.md
	EndProjectSection
EndProject
Project("{8BB2217D-0F2D-49D1-97BC-3654ED321F3B}") = "PactNet", "src\PactNet\PactNet.xproj", "{46CCA0D9-1986-417E-A9F1-FA712B5F9214}"
EndProject
Project("{2150E333-8FDC-42A3-9474-1A3956D46DE8}") = "Test", "Test", "{C985AB87-7945-4627-9ACB-44F5EC643577}"
EndProject
Project("{2150E333-8FDC-42A3-9474-1A3956D46DE8}") = "Samples", "Samples", "{67564D08-8969-4EB9-958F-4E087993BDCD}"
EndProject
Project("{8BB2217D-0F2D-49D1-97BC-3654ED321F3B}") = "PactNet.Tests", "Test\PactNet.Tests\PactNet.Tests.xproj", "{5EBEB97D-F15B-461A-8F02-76DF64B03735}"
EndProject
Project("{8BB2217D-0F2D-49D1-97BC-3654ED321F3B}") = "PactNet.Mocks.MockHttpService.Kestrel", "src\PactNet.Mocks.MockHttpService.Kestrel\PactNet.Mocks.MockHttpService.Kestrel.xproj", "{4346DD94-3C3D-44B4-8330-964555565FB7}"
EndProject
Project("{8BB2217D-0F2D-49D1-97BC-3654ED321F3B}") = "PactNet.Mocks.MockHttpService.Nancy", "src\PactNet.Mocks.MockHttpService.Nancy\PactNet.Mocks.MockHttpService.Nancy.xproj", "{7D7CCF71-EF8F-4BD1-8BB9-DD3ADE0C92E1}"
EndProject
Project("{8BB2217D-0F2D-49D1-97BC-3654ED321F3B}") = "PactNet.Tests.Mocks.MockHttpService.Nancy", "test\PactNet.Tests.Mocks.MockHttpService.Nancy\PactNet.Tests.Mocks.MockHttpService.Nancy.xproj", "{1A9828F5-3958-4820-8479-8F24B360C7E5}"
EndProject
Global
	GlobalSection(SolutionConfigurationPlatforms) = preSolution
		Debug|Any CPU = Debug|Any CPU
		Release|Any CPU = Release|Any CPU
	EndGlobalSection
	GlobalSection(ProjectConfigurationPlatforms) = postSolution
		{46CCA0D9-1986-417E-A9F1-FA712B5F9214}.Debug|Any CPU.ActiveCfg = Debug|Any CPU
		{46CCA0D9-1986-417E-A9F1-FA712B5F9214}.Debug|Any CPU.Build.0 = Debug|Any CPU
		{46CCA0D9-1986-417E-A9F1-FA712B5F9214}.Release|Any CPU.ActiveCfg = Release|Any CPU
		{46CCA0D9-1986-417E-A9F1-FA712B5F9214}.Release|Any CPU.Build.0 = Release|Any CPU
		{5EBEB97D-F15B-461A-8F02-76DF64B03735}.Debug|Any CPU.ActiveCfg = Debug|Any CPU
		{5EBEB97D-F15B-461A-8F02-76DF64B03735}.Debug|Any CPU.Build.0 = Debug|Any CPU
		{5EBEB97D-F15B-461A-8F02-76DF64B03735}.Release|Any CPU.ActiveCfg = Release|Any CPU
		{4346DD94-3C3D-44B4-8330-964555565FB7}.Debug|Any CPU.ActiveCfg = Debug|Any CPU
		{4346DD94-3C3D-44B4-8330-964555565FB7}.Debug|Any CPU.Build.0 = Debug|Any CPU
		{4346DD94-3C3D-44B4-8330-964555565FB7}.Release|Any CPU.ActiveCfg = Release|Any CPU
		{4346DD94-3C3D-44B4-8330-964555565FB7}.Release|Any CPU.Build.0 = Release|Any CPU
		{7D7CCF71-EF8F-4BD1-8BB9-DD3ADE0C92E1}.Debug|Any CPU.ActiveCfg = Debug|Any CPU
		{7D7CCF71-EF8F-4BD1-8BB9-DD3ADE0C92E1}.Debug|Any CPU.Build.0 = Debug|Any CPU
		{7D7CCF71-EF8F-4BD1-8BB9-DD3ADE0C92E1}.Release|Any CPU.ActiveCfg = Release|Any CPU
		{7D7CCF71-EF8F-4BD1-8BB9-DD3ADE0C92E1}.Release|Any CPU.Build.0 = Release|Any CPU
		{1A9828F5-3958-4820-8479-8F24B360C7E5}.Debug|Any CPU.ActiveCfg = Debug|Any CPU
		{1A9828F5-3958-4820-8479-8F24B360C7E5}.Debug|Any CPU.Build.0 = Debug|Any CPU
		{1A9828F5-3958-4820-8479-8F24B360C7E5}.Release|Any CPU.ActiveCfg = Release|Any CPU
	EndGlobalSection
	GlobalSection(SolutionProperties) = preSolution
		HideSolutionNode = FALSE
	EndGlobalSection
	GlobalSection(NestedProjects) = preSolution
		{5EBEB97D-F15B-461A-8F02-76DF64B03735} = {C985AB87-7945-4627-9ACB-44F5EC643577}
		{1A9828F5-3958-4820-8479-8F24B360C7E5} = {C985AB87-7945-4627-9ACB-44F5EC643577}
	EndGlobalSection
EndGlobal
